
Microsoft Visual Studio Solution File, Format Version 12.00
# Visual Studio Version 17
VisualStudioVersion = 17.9.34607.119
MinimumVisualStudioVersion = 10.0.40219.1
Project("{FAE04EC0-301F-11D3-BF4B-00C04F79EFBC}") = "test test", "test test\test test.csproj", "{48731702-3C5E-426A-B95D-C78494FF5211}"
EndProject
Global
	GlobalSection(SolutionConfigurationPlatforms) = preSolution
		Debug|Any CPU = Debug|Any CPU
		Release|Any CPU = Release|Any CPU
	EndGlobalSection
	GlobalSection(ProjectConfigurationPlatforms) = postSolution
		{48731702-3C5E-426A-B95D-C78494FF5211}.Debug|Any CPU.ActiveCfg = Debug|Any CPU
		{48731702-3C5E-426A-B95D-C78494FF5211}.Debug|Any CPU.Build.0 = Debug|Any CPU
		{48731702-3C5E-426A-B95D-C78494FF5211}.Release|Any CPU.ActiveCfg = Release|Any CPU
		{48731702-3C5E-426A-B95D-C78494FF5211}.Release|Any CPU.Build.0 = Release|Any CPU
	EndGlobalSection
	GlobalSection(SolutionProperties) = preSolution
		HideSolutionNode = FALSE
	EndGlobalSection
	GlobalSection(ExtensibilityGlobals) = postSolution
		SolutionGuid = {7F60DA0D-00C2-461B-BBAF-780762BC6748}
	EndGlobalSection
EndGlobal
