
Microsoft Visual Studio Solution File, Format Version 12.00
# Visual Studio Version 17
VisualStudioVersion = 17.9.34607.119
MinimumVisualStudioVersion = 10.0.40219.1
Project("{FAE04EC0-301F-11D3-BF4B-00C04F79EFBC}") = "neki", "neki\neki.csproj", "{55DE3256-4CD5-4F9A-9EB5-6D583700861C}"
EndProject
Project("{FAE04EC0-301F-11D3-BF4B-00C04F79EFBC}") = "bla", "bla\bla.csproj", "{F1D72C05-F0F1-4CDB-9A64-B037E677A7AA}"
EndProject
Global
	GlobalSection(SolutionConfigurationPlatforms) = preSolution
		Debug|Any CPU = Debug|Any CPU
		Release|Any CPU = Release|Any CPU
	EndGlobalSection
	GlobalSection(ProjectConfigurationPlatforms) = postSolution
		{55DE3256-4CD5-4F9A-9EB5-6D583700861C}.Debug|Any CPU.ActiveCfg = Debug|Any CPU
		{55DE3256-4CD5-4F9A-9EB5-6D583700861C}.Debug|Any CPU.Build.0 = Debug|Any CPU
		{55DE3256-4CD5-4F9A-9EB5-6D583700861C}.Release|Any CPU.ActiveCfg = Release|Any CPU
		{55DE3256-4CD5-4F9A-9EB5-6D583700861C}.Release|Any CPU.Build.0 = Release|Any CPU
		{F1D72C05-F0F1-4CDB-9A64-B037E677A7AA}.Debug|Any CPU.ActiveCfg = Debug|Any CPU
		{F1D72C05-F0F1-4CDB-9A64-B037E677A7AA}.Debug|Any CPU.Build.0 = Debug|Any CPU
		{F1D72C05-F0F1-4CDB-9A64-B037E677A7AA}.Release|Any CPU.ActiveCfg = Release|Any CPU
		{F1D72C05-F0F1-4CDB-9A64-B037E677A7AA}.Release|Any CPU.Build.0 = Release|Any CPU
	EndGlobalSection
	GlobalSection(SolutionProperties) = preSolution
		HideSolutionNode = FALSE
	EndGlobalSection
	GlobalSection(ExtensibilityGlobals) = postSolution
		SolutionGuid = {949919AD-37C4-4854-AE85-76C47689B367}
	EndGlobalSection
EndGlobal
